dependencies:
- name: postgres
  repository: file://charts/postgres
  version: 0.1.0
- name: kafka
  repository: file://charts/kafka
  version: 0.1.0
- name: starrocks
  repository: file://charts/starrocks
  version: 0.1.0
- name: qdrant
  repository: file://charts/qdrant
  version: 0.1.0
- name: ollama
  repository: file://charts/ollama
  version: 0.1.0
- name: api
  repository: file://charts/api
  version: 0.1.0
- name: jaeger
  repository: file://charts/jaeger
  version: 0.1.0
digest: sha256:df097a6d9cf499e605dc914f9c876ba9ae4569d92290e1fe1532a91693331e72
generated: "2026-07-03T19:41:03.344138293-04:00"
