dependencies:
- name: postgres
  repository: file://charts/postgres
  version: 0.1.0
- name: kafka
  repository: file://charts/kafka
  version: 0.1.0
- name: starrocks
  repository: file://charts/starrocks
  version: 0.1.0
- name: qdrant
  repository: file://charts/qdrant
  version: 0.1.0
digest: sha256:d41826ca8c6501c0c9aa4fed1733ce7ff5fe0c1863ad8bd5d319ec65649b69b6
generated: "2026-07-03T19:17:11.368201103-04:00"
